
Microsoft Visual Studio Solution File, Format Version 12.00
# Visual Studio 15
Project("{FAE04EC0-301F-11D3-BF4B-00C04F79EFBC}") = "boardgamegeek-collection", "boardgamegeek-collection.csproj", "{73693FE0-820F-499B-8345-5AA6232C5020}"
EndProject
Global
	GlobalSection(SolutionConfigurationPlatforms) = preSolution
		Debug|Any CPU = Debug|Any CPU
		Release|Any CPU = Release|Any CPU
	EndGlobalSection
	GlobalSection(ProjectConfigurationPlatforms) = postSolution
		{73693FE0-820F-499B-8345-5AA6232C5020}.Debug|Any CPU.ActiveCfg = Debug|Any CPU
		{73693FE0-820F-499B-8345-5AA6232C5020}.Debug|Any CPU.Build.0 = Debug|Any CPU
		{73693FE0-820F-499B-8345-5AA6232C5020}.Release|Any CPU.ActiveCfg = Release|Any CPU
		{73693FE0-820F-499B-8345-5AA6232C5020}.Release|Any CPU.Build.0 = Release|Any CPU
	EndGlobalSection
EndGlobal
